
Microsoft Visual Studio Solution File, Format Version 12.00
# Visual Studio Version 17
VisualStudioVersion = 17.10.35122.118
MinimumVisualStudioVersion = 10.0.40219.1
Project("{FAE04EC0-301F-11D3-BF4B-00C04F79EFBC}") = "LabaInformationTechologics", "LabaInformationTechologics.csproj", "{71DAB60F-A5EF-4D29-ACB2-3EB851ED5537}"
EndProject
Global
	GlobalSection(SolutionConfigurationPlatforms) = preSolution
		Debug|Any CPU = Debug|Any CPU
		Release|Any CPU = Release|Any CPU
	EndGlobalSection
	GlobalSection(ProjectConfigurationPlatforms) = postSolution
		{71DAB60F-A5EF-4D29-ACB2-3EB851ED5537}.Debug|Any CPU.ActiveCfg = Debug|Any CPU
		{71DAB60F-A5EF-4D29-ACB2-3EB851ED5537}.Debug|Any CPU.Build.0 = Debug|Any CPU
		{71DAB60F-A5EF-4D29-ACB2-3EB851ED5537}.Release|Any CPU.ActiveCfg = Release|Any CPU
		{71DAB60F-A5EF-4D29-ACB2-3EB851ED5537}.Release|Any CPU.Build.0 = Release|Any CPU
	EndGlobalSection
	GlobalSection(SolutionProperties) = preSolution
		HideSolutionNode = FALSE
	EndGlobalSection
	GlobalSection(ExtensibilityGlobals) = postSolution
		SolutionGuid = {12D2534B-7E5A-4D4F-AD6C-A9F014D912CB}
	EndGlobalSection
EndGlobal
